
Microsoft Visual Studio Solution File, Format Version 12.00
# Visual Studio Version 17
VisualStudioVersion = 17.3.32728.150
MinimumVisualStudioVersion = 10.0.40219.1
Project("{FAE04EC0-301F-11D3-BF4B-00C04F79EFBC}") = "MicroFrontEndMVC", "MicroFrontEndMVC\MicroFrontEndMVC.csproj", "{543AADA7-4E74-4AB0-B294-D0EF55AA08B6}"
EndProject
Global
	GlobalSection(SolutionConfigurationPlatforms) = preSolution
		Debug|Any CPU = Debug|Any CPU
		Release|Any CPU = Release|Any CPU
	EndGlobalSection
	GlobalSection(ProjectConfigurationPlatforms) = postSolution
		{543AADA7-4E74-4AB0-B294-D0EF55AA08B6}.Debug|Any CPU.ActiveCfg = Debug|Any CPU
		{543AADA7-4E74-4AB0-B294-D0EF55AA08B6}.Debug|Any CPU.Build.0 = Debug|Any CPU
		{543AADA7-4E74-4AB0-B294-D0EF55AA08B6}.Release|Any CPU.ActiveCfg = Release|Any CPU
		{543AADA7-4E74-4AB0-B294-D0EF55AA08B6}.Release|Any CPU.Build.0 = Release|Any CPU
	EndGlobalSection
	GlobalSection(SolutionProperties) = preSolution
		HideSolutionNode = FALSE
	EndGlobalSection
	GlobalSection(ExtensibilityGlobals) = postSolution
		SolutionGuid = {985AE106-5DC7-4442-962A-2F5F1ED070A9}
	EndGlobalSection
EndGlobal
